// !$*UTF8*$!
{
	archiveVersion = 1;
	classes = {
	};
	objectVersion = 50;
	objects = {

/* Begin PBXBuildFile section */
		1A02703F2C2645A60025F2B5 /* EnrichCommand.cc in Sources */ = {isa = PBXBuildFile; fileRef = 1A02703D2C2645A60025F2B5 /* EnrichCommand.cc */; };
		1ABE01F52C585B2900C01977 /* Bedrock.cc in Sources */ = {isa = PBXBuildFile; fileRef = 1ABE01DF2C585B0500C01977 /* Bedrock.cc */; };
		1ABE01F92C585B3B00C01977 /* Gemini.cc in Sources */ = {isa = PBXBuildFile; fileRef = 1ABE01E12C585B0500C01977 /* Gemini.cc */; };
		1ABE01FA2C585B3E00C01977 /* LLMProvider.cc in Sources */ = {isa = PBXBuildFile; fileRef = 1ABE01E32C585B0500C01977 /* LLMProvider.cc */; };
		1ABE01FB2C585B4100C01977 /* OpenAI.cc in Sources */ = {isa = PBXBuildFile; fileRef = 1ABE01E52C585B0500C01977 /* OpenAI.cc */; };
		2708CEAD2A846F6E006DEFC3 /* libLiteCore-static.a in Frameworks */ = {isa = PBXBuildFile; fileRef = 27FC8E1422137CB60083B033 /* libLiteCore-static.a */; };
		2708CEAE2A846F90006DEFC3 /* Foundation.framework in Frameworks */ = {isa = PBXBuildFile; fileRef = 27F41D442329629B00EF27BB /* Foundation.framework */; };
		2708CEAF2A846F9E006DEFC3 /* libz.tbd in Frameworks */ = {isa = PBXBuildFile; fileRef = 27FC8E66221383880083B033 /* libz.tbd */; };
		2716F94D2491822700BE21D9 /* CheckCommand.cc in Sources */ = {isa = PBXBuildFile; fileRef = 2716F94C2491822700BE21D9 /* CheckCommand.cc */; };
		2716F95B2491857E00BE21D9 /* ReindexCommand.cc in Sources */ = {isa = PBXBuildFile; fileRef = 2716F95A2491857E00BE21D9 /* ReindexCommand.cc */; };
		27175C0F261CE5F40045F3AC /* MkCollCommand.cc in Sources */ = {isa = PBXBuildFile; fileRef = 27175C0E261CE5F40045F3AC /* MkCollCommand.cc */; };
		27175C21261D00200045F3AC /* CdCommand.cc in Sources */ = {isa = PBXBuildFile; fileRef = 27175C20261D00200045F3AC /* CdCommand.cc */; };
		27175C27261D097A0045F3AC /* MvCommand.cc in Sources */ = {isa = PBXBuildFile; fileRef = 27175C26261D097A0045F3AC /* MvCommand.cc */; };
		271BA4AE227CC54300D49D13 /* EncryptCommand.cc in Sources */ = {isa = PBXBuildFile; fileRef = 271BA4AD227CC54300D49D13 /* EncryptCommand.cc */; };
		271BA4F7228B8CC600D49D13 /* libLiteCoreWebSocket.a in Frameworks */ = {isa = PBXBuildFile; fileRef = 271BA4F6228B8CC600D49D13 /* libLiteCoreWebSocket.a */; };
		271BA4FB228B8CFA00D49D13 /* Security.framework in Frameworks */ = {isa = PBXBuildFile; fileRef = 271BA4FA228B8CF900D49D13 /* Security.framework */; };
		272946AC23FF788400F6B737 /* CompactCommand.cc in Sources */ = {isa = PBXBuildFile; fileRef = 272946AB23FF788400F6B737 /* CompactCommand.cc */; };
		272F00CF226F7FE500E62F72 /* cbl-log.cc in Sources */ = {isa = PBXBuildFile; fileRef = 272F00C3226F7FB100E62F72 /* cbl-log.cc */; };
		272F00D0226F7FFC00E62F72 /* Tool.cc in Sources */ = {isa = PBXBuildFile; fileRef = 27FC8DF822137C580083B033 /* Tool.cc */; };
		272F00D1226F800000E62F72 /* ArgumentTokenizer.cc in Sources */ = {isa = PBXBuildFile; fileRef = 27FC8DF722137C580083B033 /* ArgumentTokenizer.cc */; };
		272F00D3226F817400E62F72 /* libfleeceBase.a in Frameworks */ = {isa = PBXBuildFile; fileRef = 277B18E5225BF344004EC8AA /* libfleeceBase.a */; };
		272F00D4226F819D00E62F72 /* liblinenoise.a in Frameworks */ = {isa = PBXBuildFile; fileRef = 27FC8E5A221381890083B033 /* liblinenoise.a */; };
		272F00D7226F956C00E62F72 /* LogDecoder_stub.cpp in Sources */ = {isa = PBXBuildFile; fileRef = 272F00D6226F956C00E62F72 /* LogDecoder_stub.cpp */; };
		273B206D2640687400A14EC4 /* OpenCommand.cc in Sources */ = {isa = PBXBuildFile; fileRef = 273B206C2640687400A14EC4 /* OpenCommand.cc */; };
		273B20D4264B2D6900A14EC4 /* EditCommand.cc in Sources */ = {isa = PBXBuildFile; fileRef = 273B20D3264B2D6900A14EC4 /* EditCommand.cc */; };
		273CE7DF2452067F00D01CA2 /* SystemConfiguration.framework in Frameworks */ = {isa = PBXBuildFile; fileRef = 273CE7D22452067F00D01CA2 /* SystemConfiguration.framework */; };
		2751C82E25D3650A00A9B39B /* linenoise.h in Headers */ = {isa = PBXBuildFile; fileRef = 2751C81525D3650A00A9B39B /* linenoise.h */; };
		2751C83025D3650A00A9B39B /* utf8.c in Sources */ = {isa = PBXBuildFile; fileRef = 2751C81825D3650A00A9B39B /* utf8.c */; };
		2751C83225D3650A00A9B39B /* linenoise.c in Sources */ = {isa = PBXBuildFile; fileRef = 2751C81C25D3650A00A9B39B /* linenoise.c */; };
		2751C83325D3650A00A9B39B /* utf8.h in Headers */ = {isa = PBXBuildFile; fileRef = 2751C81F25D3650A00A9B39B /* utf8.h */; };
		276CE5C9225FAA1600B681AC /* TokenizerTest.cc in Sources */ = {isa = PBXBuildFile; fileRef = 276CE5C8225FAA1600B681AC /* TokenizerTest.cc */; };
		276CE5CF225FACDD00B681AC /* ArgumentTokenizer.cc in Sources */ = {isa = PBXBuildFile; fileRef = 27FC8DF722137C580083B033 /* ArgumentTokenizer.cc */; };
		276CE5D1225FADB200B681AC /* tests_main.cc in Sources */ = {isa = PBXBuildFile; fileRef = 276CE5D0225FADB200B681AC /* tests_main.cc */; };
		276D4AC527864A5500F61A89 /* MkIndexCommand.cc in Sources */ = {isa = PBXBuildFile; fileRef = 276D4AC427864A5500F61A89 /* MkIndexCommand.cc */; };
		276D4AD32786502600F61A89 /* RmIndexCommand.cc in Sources */ = {isa = PBXBuildFile; fileRef = 276D4AD22786502600F61A89 /* RmIndexCommand.cc */; };
		27E95BAB2408376B0013711C /* CBLiteCommand.cc in Sources */ = {isa = PBXBuildFile; fileRef = 27E95BAA2408376B0013711C /* CBLiteCommand.cc */; };
		27F41D512329629B00EF27BB /* Foundation.framework in Frameworks */ = {isa = PBXBuildFile; fileRef = 27F41D442329629B00EF27BB /* Foundation.framework */; };
		27FC8DDD22137C330083B033 /* ListCommand.cc in Sources */ = {isa = PBXBuildFile; fileRef = 27FC8DD222137C330083B033 /* ListCommand.cc */; };
		27FC8DDE22137C330083B033 /* CpCommand.cc in Sources */ = {isa = PBXBuildFile; fileRef = 27FC8DD322137C330083B033 /* CpCommand.cc */; };
		27FC8DDF22137C330083B033 /* CatCommand.cc in Sources */ = {isa = PBXBuildFile; fileRef = 27FC8DD422137C330083B033 /* CatCommand.cc */; };
		27FC8DE022137C330083B033 /* RevsCommand.cc in Sources */ = {isa = PBXBuildFile; fileRef = 27FC8DD522137C330083B033 /* RevsCommand.cc */; };
		27FC8DE122137C330083B033 /* InfoCommand.cc in Sources */ = {isa = PBXBuildFile; fileRef = 27FC8DD622137C330083B033 /* InfoCommand.cc */; };
		27FC8DE222137C330083B033 /* PutCommand.cc in Sources */ = {isa = PBXBuildFile; fileRef = 27FC8DD722137C330083B033 /* PutCommand.cc */; };
		27FC8DE322137C330083B033 /* ServeCommand.cc in Sources */ = {isa = PBXBuildFile; fileRef = 27FC8DD822137C330083B033 /* ServeCommand.cc */; };
		27FC8DE422137C330083B033 /* CBLiteTool.cc in Sources */ = {isa = PBXBuildFile; fileRef = 27FC8DD922137C330083B033 /* CBLiteTool.cc */; };
		27FC8DE522137C330083B033 /* SQLCommand.cc in Sources */ = {isa = PBXBuildFile; fileRef = 27FC8DDA22137C330083B033 /* SQLCommand.cc */; };
		27FC8DE622137C330083B033 /* QueryCommand.cc in Sources */ = {isa = PBXBuildFile; fileRef = 27FC8DDC22137C330083B033 /* QueryCommand.cc */; };
		27FC8DF222137C490083B033 /* Endpoint.cc in Sources */ = {isa = PBXBuildFile; fileRef = 27FC8DEA22137C490083B033 /* Endpoint.cc */; };
		27FC8DF322137C490083B033 /* RemoteEndpoint.cc in Sources */ = {isa = PBXBuildFile; fileRef = 27FC8DEB22137C490083B033 /* RemoteEndpoint.cc */; };
		27FC8DF422137C490083B033 /* JSONEndpoint.cc in Sources */ = {isa = PBXBuildFile; fileRef = 27FC8DEC22137C490083B033 /* JSONEndpoint.cc */; };
		27FC8DF522137C490083B033 /* DBEndpoint.cc in Sources */ = {isa = PBXBuildFile; fileRef = 27FC8DED22137C490083B033 /* DBEndpoint.cc */; };
		27FC8DF622137C490083B033 /* DirEndpoint.cc in Sources */ = {isa = PBXBuildFile; fileRef = 27FC8DF122137C490083B033 /* DirEndpoint.cc */; };
		27FC8DFB22137C580083B033 /* ArgumentTokenizer.cc in Sources */ = {isa = PBXBuildFile; fileRef = 27FC8DF722137C580083B033 /* ArgumentTokenizer.cc */; };
		27FC8DFC22137C580083B033 /* Tool.cc in Sources */ = {isa = PBXBuildFile; fileRef = 27FC8DF822137C580083B033 /* Tool.cc */; };
		27FC8E3622137CD30083B033 /* libLiteCore-static.a in Frameworks */ = {isa = PBXBuildFile; fileRef = 27FC8E1422137CB60083B033 /* libLiteCore-static.a */; };
		27FC8E64221381C60083B033 /* liblinenoise.a in Frameworks */ = {isa = PBXBuildFile; fileRef = 27FC8E5A221381890083B033 /* liblinenoise.a */; };
		27FC8E67221383880083B033 /* libz.tbd in Frameworks */ = {isa = PBXBuildFile; fileRef = 27FC8E66221383880083B033 /* libz.tbd */; };
		27FC8E6A221383AE0083B033 /* libLiteCoreREST-static.a in Frameworks */ = {isa = PBXBuildFile; fileRef = 27FC8E1A22137CB60083B033 /* libLiteCoreREST-static.a */; };
		42030A7024AC152000283CE8 /* StringUtil.cc in Sources */ = {isa = PBXBuildFile; fileRef = 42030A6F24AC152000283CE8 /* StringUtil.cc */; };
/* End PBXBuildFile section */

/* Begin PBXContainerItemProxy section */
		271BA4F5228B8CC600D49D13 /* PBXContainerItemProxy */ = {
			isa = PBXContainerItemProxy;
			containerPortal = 27FC8DFD22137CB50083B033 /* LiteCore.xcodeproj */;
			proxyType = 2;
			remoteGlobalIDString = 2771A098228624C000B18E0A;
			remoteInfo = LiteCoreWebSocket;
		};
		271BA4F8228B8CD600D49D13 /* PBXContainerItemProxy */ = {
			isa = PBXContainerItemProxy;
			containerPortal = 27FC8DFD22137CB50083B033 /* LiteCore.xcodeproj */;
			proxyType = 1;
			remoteGlobalIDString = 2771A097228624C000B18E0A;
			remoteInfo = LiteCoreWebSocket;
		};
		2751C82C25D3650A00A9B39B /* PBXContainerItemProxy */ = {
			isa = PBXContainerItemProxy;
			containerPortal = 27FC8DFD22137CB50083B033 /* LiteCore.xcodeproj */;
			proxyType = 2;
			remoteGlobalIDString = 278F476724C9131000E1CA7A;
			remoteInfo = "iOS Perf Test";
		};
		27FC8E1322137CB60083B033 /* PBXContainerItemProxy */ = {
			isa = PBXContainerItemProxy;
			containerPortal = 27FC8DFD22137CB50083B033 /* LiteCore.xcodeproj */;
			proxyType = 2;
			remoteGlobalIDString = 27EF81121917EEC600A327B9;
			remoteInfo = "LiteCore static";
		};
		27FC8E1522137CB60083B033 /* PBXContainerItemProxy */ = {
			isa = PBXContainerItemProxy;
			containerPortal = 27FC8DFD22137CB50083B033 /* LiteCore.xcodeproj */;
			proxyType = 2;
			remoteGlobalIDString = 720EA3F51BA7EAD9002B8416;
			remoteInfo = "LiteCore dylib";
		};
		27FC8E1722137CB60083B033 /* PBXContainerItemProxy */ = {
			isa = PBXContainerItemProxy;
			containerPortal = 27FC8DFD22137CB50083B033 /* LiteCore.xcodeproj */;
			proxyType = 2;
			remoteGlobalIDString = 27B64934206971FB00FC12F7;
			remoteInfo = "LiteCore framework";
		};
		27FC8E1922137CB60083B033 /* PBXContainerItemProxy */ = {
			isa = PBXContainerItemProxy;
			containerPortal = 27FC8DFD22137CB50083B033 /* LiteCore.xcodeproj */;
			proxyType = 2;
			remoteGlobalIDString = 27FC81E81EAAB0D90028E38E;
			remoteInfo = "LiteCoreREST static";
		};
		27FC8E1F22137CB60083B033 /* PBXContainerItemProxy */ = {
			isa = PBXContainerItemProxy;
			containerPortal = 27FC8DFD22137CB50083B033 /* LiteCore.xcodeproj */;
			proxyType = 2;
			remoteGlobalIDString = 2708FE521CF4CC880022F721;
			remoteInfo = LiteCoreCppTests;
		};
		27FC8E2122137CB60083B033 /* PBXContainerItemProxy */ = {
			isa = PBXContainerItemProxy;
			containerPortal = 27FC8DFD22137CB50083B033 /* LiteCore.xcodeproj */;
			proxyType = 2;
			remoteGlobalIDString = 274D04081BA75E1C00FF7C35;
			remoteInfo = C4Tests;
		};
		27FC8E2522137CB60083B033 /* PBXContainerItemProxy */ = {
			isa = PBXContainerItemProxy;
			containerPortal = 27FC8DFD22137CB50083B033 /* LiteCore.xcodeproj */;
			proxyType = 2;
			remoteGlobalIDString = 27DF7D631F4236500022F3DF;
			remoteInfo = SQLite;
		};
		27FC8E2722137CB60083B033 /* PBXContainerItemProxy */ = {
			isa = PBXContainerItemProxy;
			containerPortal = 27FC8DFD22137CB50083B033 /* LiteCore.xcodeproj */;
			proxyType = 2;
			remoteGlobalIDString = 27EF807419142C2500A327B9;
			remoteInfo = Tokenizer;
		};
		27FC8E2B22137CB60083B033 /* PBXContainerItemProxy */ = {
			isa = PBXContainerItemProxy;
			containerPortal = 27FC8DFD22137CB50083B033 /* LiteCore.xcodeproj */;
			proxyType = 2;
			remoteGlobalIDString = 27139B3018F8E9750021A9A3;
			remoteInfo = "LiteCore XCTests";
		};
		27FC8E2D22137CB60083B033 /* PBXContainerItemProxy */ = {
			isa = PBXContainerItemProxy;
			containerPortal = 27FC8DFD22137CB50083B033 /* LiteCore.xcodeproj */;
			proxyType = 2;
			remoteGlobalIDString = 27A924941D9B316D00086206;
			remoteInfo = "LiteCore-iOS";
		};
		27FC8E3122137CB60083B033 /* PBXContainerItemProxy */ = {
			isa = PBXContainerItemProxy;
			containerPortal = 27FC8DFD22137CB50083B033 /* LiteCore.xcodeproj */;
			proxyType = 2;
			remoteGlobalIDString = 27A924AC1D9B316D00086206;
			remoteInfo = "LiteCore-iOS Tests";
		};
		27FC8E3322137CC90083B033 /* PBXContainerItemProxy */ = {
			isa = PBXContainerItemProxy;
			containerPortal = 27FC8DFD22137CB50083B033 /* LiteCore.xcodeproj */;
			proxyType = 1;
			remoteGlobalIDString = 27EF80F91917EEC600A327B9;
			remoteInfo = "LiteCore static";
		};
		27FC8E68221383A80083B033 /* PBXContainerItemProxy */ = {
			isa = PBXContainerItemProxy;
			containerPortal = 27FC8DFD22137CB50083B033 /* LiteCore.xcodeproj */;
			proxyType = 1;
			remoteGlobalIDString = 27FC81E71EAAB0D90028E38E;
			remoteInfo = "LiteCoreREST static";
		};
/* End PBXContainerItemProxy section */

/* Begin PBXCopyFilesBuildPhase section */
		272F00C6226F7FD800E62F72 /* CopyFiles */ = {
			isa = PBXCopyFilesBuildPhase;
			buildActionMask = 2147483647;
			dstPath = /usr/share/man/man1/;
			dstSubfolderSpec = 0;
			files = (
			);
			runOnlyForDeploymentPostprocessing = 1;
		};
		276CE5BE225FA9F400B681AC /* CopyFiles */ = {
			isa = PBXCopyFilesBuildPhase;
			buildActionMask = 2147483647;
			dstPath = /usr/share/man/man1/;
			dstSubfolderSpec = 0;
			files = (
			);
			runOnlyForDeploymentPostprocessing = 1;
		};
		27FC8DC522137BF60083B033 /* CopyFiles */ = {
			isa = PBXCopyFilesBuildPhase;
			buildActionMask = 2147483647;
			dstPath = /usr/share/man/man1/;
			dstSubfolderSpec = 0;
			files = (
			);
			runOnlyForDeploymentPostprocessing = 1;
		};
/* End PBXCopyFilesBuildPhase section */

/* Begin PBXFileReference section */
		1A02703D2C2645A60025F2B5 /* EnrichCommand.cc */ = {isa = PBXFileReference; lastKnownFileType = sourcecode.cpp.cpp; path = EnrichCommand.cc; sourceTree = "<group>"; };
		1ABE01DF2C585B0500C01977 /* Bedrock.cc */ = {isa = PBXFileReference; lastKnownFileType = sourcecode.cpp.cpp; path = Bedrock.cc; sourceTree = "<group>"; };
		1ABE01E02C585B0500C01977 /* Bedrock.hh */ = {isa = PBXFileReference; lastKnownFileType = sourcecode.cpp.h; path = Bedrock.hh; sourceTree = "<group>"; };
		1ABE01E12C585B0500C01977 /* Gemini.cc */ = {isa = PBXFileReference; lastKnownFileType = sourcecode.cpp.cpp; path = Gemini.cc; sourceTree = "<group>"; };
		1ABE01E22C585B0500C01977 /* Gemini.hh */ = {isa = PBXFileReference; lastKnownFileType = sourcecode.cpp.h; path = Gemini.hh; sourceTree = "<group>"; };
		1ABE01E32C585B0500C01977 /* LLMProvider.cc */ = {isa = PBXFileReference; lastKnownFileType = sourcecode.cpp.cpp; path = LLMProvider.cc; sourceTree = "<group>"; };
		1ABE01E42C585B0500C01977 /* LLMProvider.hh */ = {isa = PBXFileReference; lastKnownFileType = sourcecode.cpp.h; path = LLMProvider.hh; sourceTree = "<group>"; };
		1ABE01E52C585B0500C01977 /* OpenAI.cc */ = {isa = PBXFileReference; lastKnownFileType = sourcecode.cpp.cpp; path = OpenAI.cc; sourceTree = "<group>"; };
		1ABE01E62C585B0500C01977 /* OpenAI.hh */ = {isa = PBXFileReference; lastKnownFileType = sourcecode.cpp.h; path = OpenAI.hh; sourceTree = "<group>"; };
		2716F94C2491822700BE21D9 /* CheckCommand.cc */ = {isa = PBXFileReference; lastKnownFileType = sourcecode.cpp.cpp; path = CheckCommand.cc; sourceTree = "<group>"; };
		2716F95A2491857E00BE21D9 /* ReindexCommand.cc */ = {isa = PBXFileReference; lastKnownFileType = sourcecode.cpp.cpp; path = ReindexCommand.cc; sourceTree = "<group>"; };
		2716F9942493E59B00BE21D9 /* BUILDING.md */ = {isa = PBXFileReference; fileEncoding = 4; lastKnownFileType = net.daringfireball.markdown; name = BUILDING.md; path = ../BUILDING.md; sourceTree = "<group>"; };
		2716F9A32493E5E500BE21D9 /* CMakeLists.txt */ = {isa = PBXFileReference; lastKnownFileType = text; path = CMakeLists.txt; sourceTree = "<group>"; };
		27175C0E261CE5F40045F3AC /* MkCollCommand.cc */ = {isa = PBXFileReference; lastKnownFileType = sourcecode.cpp.cpp; path = MkCollCommand.cc; sourceTree = "<group>"; };
		27175C20261D00200045F3AC /* CdCommand.cc */ = {isa = PBXFileReference; lastKnownFileType = sourcecode.cpp.cpp; path = CdCommand.cc; sourceTree = "<group>"; };
		27175C26261D097A0045F3AC /* MvCommand.cc */ = {isa = PBXFileReference; lastKnownFileType = sourcecode.cpp.cpp; path = MvCommand.cc; sourceTree = "<group>"; };
		271BA4A2227CC06000D49D13 /* Project_Debug_EE.xcconfig */ = {isa = PBXFileReference; lastKnownFileType = text.xcconfig; path = Project_Debug_EE.xcconfig; sourceTree = "<group>"; };
		271BA4A3227CC09600D49D13 /* Project_Release_EE.xcconfig */ = {isa = PBXFileReference; lastKnownFileType = text.xcconfig; path = Project_Release_EE.xcconfig; sourceTree = "<group>"; };
		271BA4AD227CC54300D49D13 /* EncryptCommand.cc */ = {isa = PBXFileReference; lastKnownFileType = sourcecode.cpp.cpp; path = EncryptCommand.cc; sourceTree = "<group>"; };
		271BA4FA228B8CF900D49D13 /* Security.framework */ = {isa = PBXFileReference; lastKnownFileType = wrapper.framework; name = Security.framework; path = System/Library/Frameworks/Security.framework; sourceTree = SDKROOT; };
		272946AB23FF788400F6B737 /* CompactCommand.cc */ = {isa = PBXFileReference; lastKnownFileType = sourcecode.cpp.cpp; path = CompactCommand.cc; sourceTree = "<group>"; };
		272F00C3226F7FB100E62F72 /* cbl-log.cc */ = {isa = PBXFileReference; lastKnownFileType = sourcecode.cpp.cpp; path = "cbl-log.cc"; sourceTree = "<group>"; };
		272F00C8226F7FD800E62F72 /* cbl-log */ = {isa = PBXFileReference; explicitFileType = "compiled.mach-o.executable"; includeInIndex = 0; path = "cbl-log"; sourceTree = BUILT_PRODUCTS_DIR; };
		272F00D2226F806F00E62F72 /* cbl-log.xcconfig */ = {isa = PBXFileReference; lastKnownFileType = text.xcconfig; path = "cbl-log.xcconfig"; sourceTree = "<group>"; };
		272F00D6226F956C00E62F72 /* LogDecoder_stub.cpp */ = {isa = PBXFileReference; lastKnownFileType = sourcecode.cpp.cpp; path = LogDecoder_stub.cpp; sourceTree = "<group>"; };
		273B206C2640687400A14EC4 /* OpenCommand.cc */ = {isa = PBXFileReference; lastKnownFileType = sourcecode.cpp.cpp; path = OpenCommand.cc; sourceTree = "<group>"; };
		273B20D3264B2D6900A14EC4 /* EditCommand.cc */ = {isa = PBXFileReference; lastKnownFileType = sourcecode.cpp.cpp; path = EditCommand.cc; sourceTree = "<group>"; };
		273CE7D22452067F00D01CA2 /* SystemConfiguration.framework */ = {isa = PBXFileReference; lastKnownFileType = wrapper.framework; name = SystemConfiguration.framework; path = System/Library/Frameworks/SystemConfiguration.framework; sourceTree = SDKROOT; };
		2751C81525D3650A00A9B39B /* linenoise.h */ = {isa = PBXFileReference; fileEncoding = 4; lastKnownFileType = sourcecode.c.h; path = linenoise.h; sourceTree = "<group>"; };
		2751C81625D3650A00A9B39B /* LICENSE */ = {isa = PBXFileReference; fileEncoding = 4; lastKnownFileType = text; path = LICENSE; sourceTree = "<group>"; };
		2751C81825D3650A00A9B39B /* utf8.c */ = {isa = PBXFileReference; fileEncoding = 4; lastKnownFileType = sourcecode.c.c; path = utf8.c; sourceTree = "<group>"; };
		2751C81925D3650A00A9B39B /* README.markdown */ = {isa = PBXFileReference; fileEncoding = 4; lastKnownFileType = net.daringfireball.markdown; path = README.markdown; sourceTree = "<group>"; };
		2751C81C25D3650A00A9B39B /* linenoise.c */ = {isa = PBXFileReference; fileEncoding = 4; lastKnownFileType = sourcecode.c.c; path = linenoise.c; sourceTree = "<group>"; };
		2751C81F25D3650A00A9B39B /* utf8.h */ = {isa = PBXFileReference; fileEncoding = 4; lastKnownFileType = sourcecode.c.h; path = utf8.h; sourceTree = "<group>"; };
		275F0447261E1859005261C0 /* LiteCoreTool.hh */ = {isa = PBXFileReference; lastKnownFileType = sourcecode.cpp.h; path = LiteCoreTool.hh; sourceTree = "<group>"; };
		276CE5C0225FA9F400B681AC /* cblitetest */ = {isa = PBXFileReference; explicitFileType = "compiled.mach-o.executable"; includeInIndex = 0; path = cblitetest; sourceTree = BUILT_PRODUCTS_DIR; };
		276CE5C8225FAA1600B681AC /* TokenizerTest.cc */ = {isa = PBXFileReference; fileEncoding = 4; lastKnownFileType = sourcecode.cpp.cpp; path = TokenizerTest.cc; sourceTree = "<group>"; };
		276CE5CA225FAA4C00B681AC /* tests.xcconfig */ = {isa = PBXFileReference; lastKnownFileType = text.xcconfig; path = tests.xcconfig; sourceTree = "<group>"; };
		276CE5D0225FADB200B681AC /* tests_main.cc */ = {isa = PBXFileReference; lastKnownFileType = sourcecode.cpp.cpp; path = tests_main.cc; sourceTree = "<group>"; };
		276D4AC427864A5500F61A89 /* MkIndexCommand.cc */ = {isa = PBXFileReference; lastKnownFileType = sourcecode.cpp.cpp; path = MkIndexCommand.cc; sourceTree = "<group>"; };
		276D4AD22786502600F61A89 /* RmIndexCommand.cc */ = {isa = PBXFileReference; lastKnownFileType = sourcecode.cpp.cpp; path = RmIndexCommand.cc; sourceTree = "<group>"; };
		277391F425DDD23D00C4A149 /* CMakeLists.txt */ = {isa = PBXFileReference; lastKnownFileType = text; path = CMakeLists.txt; sourceTree = "<group>"; };
		277B18E1225BF227004EC8AA /* libc++.tbd */ = {isa = PBXFileReference; lastKnownFileType = "sourcecode.text-based-dylib-definition"; name = "libc++.tbd"; path = "usr/lib/libc++.tbd"; sourceTree = SDKROOT; };
		277B18E3225BF295004EC8AA /* libfleece.dylib */ = {isa = PBXFileReference; explicitFileType = "compiled.mach-o.dylib"; path = libfleece.dylib; sourceTree = BUILT_PRODUCTS_DIR; };
		277B18E5225BF344004EC8AA /* libfleeceBase.a */ = {isa = PBXFileReference; explicitFileType = archive.ar; path = libfleeceBase.a; sourceTree = BUILT_PRODUCTS_DIR; };
		27E95B772405A2AA0013711C /* DocBranchIterator.hh */ = {isa = PBXFileReference; lastKnownFileType = sourcecode.cpp.h; path = DocBranchIterator.hh; sourceTree = "<group>"; };
		27E95BA92408376B0013711C /* CBLiteCommand.hh */ = {isa = PBXFileReference; lastKnownFileType = sourcecode.cpp.h; path = CBLiteCommand.hh; sourceTree = "<group>"; };
		27E95BAA2408376B0013711C /* CBLiteCommand.cc */ = {isa = PBXFileReference; lastKnownFileType = sourcecode.cpp.cpp; path = CBLiteCommand.cc; sourceTree = "<group>"; };
		27E95BAC24083D7C0013711C /* ListCommand.hh */ = {isa = PBXFileReference; lastKnownFileType = sourcecode.cpp.h; path = ListCommand.hh; sourceTree = "<group>"; };
		27F41D442329629B00EF27BB /* Foundation.framework */ = {isa = PBXFileReference; lastKnownFileType = wrapper.framework; name = Foundation.framework; path = System/Library/Frameworks/Foundation.framework; sourceTree = SDKROOT; };
		27FACE422C7FCFE8006A7917 /* build.yml */ = {isa = PBXFileReference; lastKnownFileType = text.yaml; name = build.yml; path = ../.github/workflows/build.yml; sourceTree = "<group>"; };
		27FC8DC722137BF60083B033 /* cblite */ = {isa = PBXFileReference; explicitFileType = "compiled.mach-o.executable"; includeInIndex = 0; path = cblite; sourceTree = BUILT_PRODUCTS_DIR; };
		27FC8DD222137C330083B033 /* ListCommand.cc */ = {isa = PBXFileReference; fileEncoding = 4; lastKnownFileType = sourcecode.cpp.cpp; path = ListCommand.cc; sourceTree = "<group>"; };
		27FC8DD322137C330083B033 /* CpCommand.cc */ = {isa = PBXFileReference; fileEncoding = 4; lastKnownFileType = sourcecode.cpp.cpp; path = CpCommand.cc; sourceTree = "<group>"; };
		27FC8DD422137C330083B033 /* CatCommand.cc */ = {isa = PBXFileReference; fileEncoding = 4; lastKnownFileType = sourcecode.cpp.cpp; path = CatCommand.cc; sourceTree = "<group>"; };
		27FC8DD522137C330083B033 /* RevsCommand.cc */ = {isa = PBXFileReference; fileEncoding = 4; lastKnownFileType = sourcecode.cpp.cpp; path = RevsCommand.cc; sourceTree = "<group>"; };
		27FC8DD622137C330083B033 /* InfoCommand.cc */ = {isa = PBXFileReference; fileEncoding = 4; lastKnownFileType = sourcecode.cpp.cpp; path = InfoCommand.cc; sourceTree = "<group>"; };
		27FC8DD722137C330083B033 /* PutCommand.cc */ = {isa = PBXFileReference; fileEncoding = 4; lastKnownFileType = sourcecode.cpp.cpp; path = PutCommand.cc; sourceTree = "<group>"; };
		27FC8DD822137C330083B033 /* ServeCommand.cc */ = {isa = PBXFileReference; fileEncoding = 4; lastKnownFileType = sourcecode.cpp.cpp; path = ServeCommand.cc; sourceTree = "<group>"; };
		27FC8DD922137C330083B033 /* CBLiteTool.cc */ = {isa = PBXFileReference; fileEncoding = 4; lastKnownFileType = sourcecode.cpp.cpp; path = CBLiteTool.cc; sourceTree = "<group>"; };
		27FC8DDA22137C330083B033 /* SQLCommand.cc */ = {isa = PBXFileReference; fileEncoding = 4; lastKnownFileType = sourcecode.cpp.cpp; path = SQLCommand.cc; sourceTree = "<group>"; };
		27FC8DDB22137C330083B033 /* CBLiteTool.hh */ = {isa = PBXFileReference; fileEncoding = 4; lastKnownFileType = sourcecode.cpp.h; path = CBLiteTool.hh; sourceTree = "<group>"; };
		27FC8DDC22137C330083B033 /* QueryCommand.cc */ = {isa = PBXFileReference; fileEncoding = 4; lastKnownFileType = sourcecode.cpp.cpp; path = QueryCommand.cc; sourceTree = "<group>"; };
		27FC8DE822137C490083B033 /* RemoteEndpoint.hh */ = {isa = PBXFileReference; fileEncoding = 4; lastKnownFileType = sourcecode.cpp.h; path = RemoteEndpoint.hh; sourceTree = "<group>"; };
		27FC8DE922137C490083B033 /* Endpoint.hh */ = {isa = PBXFileReference; fileEncoding = 4; lastKnownFileType = sourcecode.cpp.h; path = Endpoint.hh; sourceTree = "<group>"; };
		27FC8DEA22137C490083B033 /* Endpoint.cc */ = {isa = PBXFileReference; fileEncoding = 4; lastKnownFileType = sourcecode.cpp.cpp; path = Endpoint.cc; sourceTree = "<group>"; };
		27FC8DEB22137C490083B033 /* RemoteEndpoint.cc */ = {isa = PBXFileReference; fileEncoding = 4; lastKnownFileType = sourcecode.cpp.cpp; path = RemoteEndpoint.cc; sourceTree = "<group>"; };
		27FC8DEC22137C490083B033 /* JSONEndpoint.cc */ = {isa = PBXFileReference; fileEncoding = 4; lastKnownFileType = sourcecode.cpp.cpp; path = JSONEndpoint.cc; sourceTree = "<group>"; };
		27FC8DED22137C490083B033 /* DBEndpoint.cc */ = {isa = PBXFileReference; fileEncoding = 4; lastKnownFileType = sourcecode.cpp.cpp; path = DBEndpoint.cc; sourceTree = "<group>"; };
		27FC8DEE22137C490083B033 /* DirEndpoint.hh */ = {isa = PBXFileReference; fileEncoding = 4; lastKnownFileType = sourcecode.cpp.h; path = DirEndpoint.hh; sourceTree = "<group>"; };
		27FC8DEF22137C490083B033 /* DBEndpoint.hh */ = {isa = PBXFileReference; fileEncoding = 4; lastKnownFileType = sourcecode.cpp.h; path = DBEndpoint.hh; sourceTree = "<group>"; };
		27FC8DF022137C490083B033 /* JSONEndpoint.hh */ = {isa = PBXFileReference; fileEncoding = 4; lastKnownFileType = sourcecode.cpp.h; path = JSONEndpoint.hh; sourceTree = "<group>"; };
		27FC8DF122137C490083B033 /* DirEndpoint.cc */ = {isa = PBXFileReference; fileEncoding = 4; lastKnownFileType = sourcecode.cpp.cpp; path = DirEndpoint.cc; sourceTree = "<group>"; };
		27FC8DF722137C580083B033 /* ArgumentTokenizer.cc */ = {isa = PBXFileReference; fileEncoding = 4; lastKnownFileType = sourcecode.cpp.cpp; name = ArgumentTokenizer.cc; path = ../ArgumentTokenizer.cc; sourceTree = SOURCE_ROOT; };
		27FC8DF822137C580083B033 /* Tool.cc */ = {isa = PBXFileReference; fileEncoding = 4; lastKnownFileType = sourcecode.cpp.cpp; name = Tool.cc; path = ../Tool.cc; sourceTree = SOURCE_ROOT; };
		27FC8DF922137C580083B033 /* Tool.hh */ = {isa = PBXFileReference; fileEncoding = 4; lastKnownFileType = sourcecode.cpp.h; name = Tool.hh; path = ../Tool.hh; sourceTree = SOURCE_ROOT; };
		27FC8DFA22137C580083B033 /* ArgumentTokenizer.hh */ = {isa = PBXFileReference; fileEncoding = 4; lastKnownFileType = sourcecode.cpp.h; name = ArgumentTokenizer.hh; path = ../ArgumentTokenizer.hh; sourceTree = SOURCE_ROOT; };
		27FC8DFD22137CB50083B033 /* LiteCore.xcodeproj */ = {isa = PBXFileReference; lastKnownFileType = "wrapper.pb-project"; name = LiteCore.xcodeproj; path = "../vendor/couchbase-lite-core/Xcode/LiteCore.xcodeproj"; sourceTree = "<group>"; };
		27FC8E3C22137D520083B033 /* Project_Release.xcconfig */ = {isa = PBXFileReference; lastKnownFileType = text.xcconfig; path = Project_Release.xcconfig; sourceTree = "<group>"; };
		27FC8E3D22137D520083B033 /* Project_Debug.xcconfig */ = {isa = PBXFileReference; lastKnownFileType = text.xcconfig; path = Project_Debug.xcconfig; sourceTree = "<group>"; };
		27FC8E3E22137D520083B033 /* Project.xcconfig */ = {isa = PBXFileReference; lastKnownFileType = text.xcconfig; path = Project.xcconfig; sourceTree = "<group>"; };
		27FC8E4122137DAF0083B033 /* cblite.xcconfig */ = {isa = PBXFileReference; lastKnownFileType = text.xcconfig; path = cblite.xcconfig; sourceTree = "<group>"; };
		27FC8E5A221381890083B033 /* liblinenoise.a */ = {isa = PBXFileReference; explicitFileType = archive.ar; includeInIndex = 0; path = liblinenoise.a; sourceTree = BUILT_PRODUCTS_DIR; };
		27FC8E65221383200083B033 /* linenoise.xcconfig */ = {isa = PBXFileReference; lastKnownFileType = text.xcconfig; path = linenoise.xcconfig; sourceTree = "<group>"; };
		27FC8E66221383880083B033 /* libz.tbd */ = {isa = PBXFileReference; lastKnownFileType = "sourcecode.text-based-dylib-definition"; name = libz.tbd; path = usr/lib/libz.tbd; sourceTree = SDKROOT; };
		27FC8E6E221389150083B033 /* README.md */ = {isa = PBXFileReference; lastKnownFileType = net.daringfireball.markdown; name = README.md; path = ../README.md; sourceTree = "<group>"; };
		27FC8E6F221389150083B033 /* README.cblite.md */ = {isa = PBXFileReference; lastKnownFileType = net.daringfireball.markdown; name = README.cblite.md; path = ../README.cblite.md; sourceTree = "<group>"; };
		27FC8E71221389150083B033 /* Documentation.md */ = {isa = PBXFileReference; lastKnownFileType = net.daringfireball.markdown; name = Documentation.md; path = ../Documentation.md; sourceTree = "<group>"; };
		42030A6F24AC152000283CE8 /* StringUtil.cc */ = {isa = PBXFileReference; fileEncoding = 4; lastKnownFileType = sourcecode.cpp.cpp; name = StringUtil.cc; path = "../vendor/couchbase-lite-core/LiteCore/Support/StringUtil.cc"; sourceTree = "<group>"; };
/* End PBXFileReference section */

/* Begin PBXFrameworksBuildPhase section */
		272F00C5226F7FD800E62F72 /* Frameworks */ = {
			isa = PBXFrameworksBuildPhase;
			buildActionMask = 2147483647;
			files = (
				272F00D4226F819D00E62F72 /* liblinenoise.a in Frameworks */,
				272F00D3226F817400E62F72 /* libfleeceBase.a in Frameworks */,
			);
			runOnlyForDeploymentPostprocessing = 0;
		};
		276CE5BD225FA9F400B681AC /* Frameworks */ = {
			isa = PBXFrameworksBuildPhase;
			buildActionMask = 2147483647;
			files = (
				2708CEAF2A846F9E006DEFC3 /* libz.tbd in Frameworks */,
				2708CEAE2A846F90006DEFC3 /* Foundation.framework in Frameworks */,
				2708CEAD2A846F6E006DEFC3 /* libLiteCore-static.a in Frameworks */,
			);
			runOnlyForDeploymentPostprocessing = 0;
		};
		27FC8DC422137BF60083B033 /* Frameworks */ = {
			isa = PBXFrameworksBuildPhase;
			buildActionMask = 2147483647;
			files = (
				27FC8E3622137CD30083B033 /* libLiteCore-static.a in Frameworks */,
				27FC8E6A221383AE0083B033 /* libLiteCoreREST-static.a in Frameworks */,
				271BA4F7228B8CC600D49D13 /* libLiteCoreWebSocket.a in Frameworks */,
				27FC8E64221381C60083B033 /* liblinenoise.a in Frameworks */,
				27FC8E67221383880083B033 /* libz.tbd in Frameworks */,
				27F41D512329629B00EF27BB /* Foundation.framework in Frameworks */,
				271BA4FB228B8CFA00D49D13 /* Security.framework in Frameworks */,
				273CE7DF2452067F00D01CA2 /* SystemConfiguration.framework in Frameworks */,
			);
			runOnlyForDeploymentPostprocessing = 0;
		};
		27FC8E58221381890083B033 /* Frameworks */ = {
			isa = PBXFrameworksBuildPhase;
			buildActionMask = 2147483647;
			files = (
			);
			runOnlyForDeploymentPostprocessing = 0;
		};
/* End PBXFrameworksBuildPhase section */

/* Begin PBXGroup section */
		1ABE01E72C585B0500C01977 /* llm */ = {
			isa = PBXGroup;
			children = (
				1ABE01DF2C585B0500C01977 /* Bedrock.cc */,
				1ABE01E02C585B0500C01977 /* Bedrock.hh */,
				1ABE01E12C585B0500C01977 /* Gemini.cc */,
				1ABE01E22C585B0500C01977 /* Gemini.hh */,
				1ABE01E32C585B0500C01977 /* LLMProvider.cc */,
				1ABE01E42C585B0500C01977 /* LLMProvider.hh */,
				1ABE01E52C585B0500C01977 /* OpenAI.cc */,
				1ABE01E62C585B0500C01977 /* OpenAI.hh */,
			);
			path = llm;
			sourceTree = "<group>";
		};
		272F00C2226F7FB100E62F72 /* cbl-log */ = {
			isa = PBXGroup;
			children = (
				42030A6F24AC152000283CE8 /* StringUtil.cc */,
				272F00C3226F7FB100E62F72 /* cbl-log.cc */,
				272F00D6226F956C00E62F72 /* LogDecoder_stub.cpp */,
				277391F425DDD23D00C4A149 /* CMakeLists.txt */,
			);
			name = "cbl-log";
			path = "../cbl-log";
			sourceTree = "<group>";
		};
		2751C81425D3650A00A9B39B /* linenoise-mob */ = {
			isa = PBXGroup;
			children = (
				2751C81625D3650A00A9B39B /* LICENSE */,
				2751C81C25D3650A00A9B39B /* linenoise.c */,
				2751C81525D3650A00A9B39B /* linenoise.h */,
				2751C81925D3650A00A9B39B /* README.markdown */,
				2751C81825D3650A00A9B39B /* utf8.c */,
				2751C81F25D3650A00A9B39B /* utf8.h */,
			);
			path = "linenoise-mob";
			sourceTree = "<group>";
		};
		276CE5C7225FAA1600B681AC /* tests */ = {
			isa = PBXGroup;
			children = (
				276CE5C8225FAA1600B681AC /* TokenizerTest.cc */,
				276CE5D0225FADB200B681AC /* tests_main.cc */,
			);
			name = tests;
			path = ../tests;
			sourceTree = "<group>";
		};
		279FEA7A2257BA8C000F58E6 /* vendor */ = {
			isa = PBXGroup;
			children = (
				2751C81425D3650A00A9B39B /* linenoise-mob */,
			);
			name = vendor;
			path = ../vendor;
			sourceTree = "<group>";
		};
		27FC8DBE22137BF60083B033 = {
			isa = PBXGroup;
			children = (
				27FC8E6E221389150083B033 /* README.md */,
				27FC8E6F221389150083B033 /* README.cblite.md */,
				2716F9942493E59B00BE21D9 /* BUILDING.md */,
				27FC8E71221389150083B033 /* Documentation.md */,
				27FACE422C7FCFE8006A7917 /* build.yml */,
				27FC8DD122137C330083B033 /* cblite */,
				272F00C2226F7FB100E62F72 /* cbl-log */,
				27FC8E6D2213874C0083B033 /* Tool */,
				276CE5C7225FAA1600B681AC /* tests */,
				279FEA7A2257BA8C000F58E6 /* vendor */,
				27FC8DFD22137CB50083B033 /* LiteCore.xcodeproj */,
				27FC8E3A22137D520083B033 /* xcconfigs */,
				27FC8E3522137CD20083B033 /* Frameworks */,
				27FC8DC822137BF60083B033 /* Products */,
			);
			sourceTree = "<group>";
		};
		27FC8DC822137BF60083B033 /* Products */ = {
			isa = PBXGroup;
			children = (
				27FC8DC722137BF60083B033 /* cblite */,
				27FC8E5A221381890083B033 /* liblinenoise.a */,
				276CE5C0225FA9F400B681AC /* cblitetest */,
				272F00C8226F7FD800E62F72 /* cbl-log */,
			);
			name = Products;
			sourceTree = "<group>";
		};
		27FC8DD122137C330083B033 /* cblite */ = {
			isa = PBXGroup;
			children = (
				1ABE01E72C585B0500C01977 /* llm */,
				27FC8DD922137C330083B033 /* CBLiteTool.cc */,
				27FC8DDB22137C330083B033 /* CBLiteTool.hh */,
				27E95BAA2408376B0013711C /* CBLiteCommand.cc */,
				27E95BA92408376B0013711C /* CBLiteCommand.hh */,
				273B206C2640687400A14EC4 /* OpenCommand.cc */,
				27FC8DD422137C330083B033 /* CatCommand.cc */,
				27175C20261D00200045F3AC /* CdCommand.cc */,
				2716F94C2491822700BE21D9 /* CheckCommand.cc */,
				272946AB23FF788400F6B737 /* CompactCommand.cc */,
				27FC8DD322137C330083B033 /* CpCommand.cc */,
				273B20D3264B2D6900A14EC4 /* EditCommand.cc */,
				271BA4AD227CC54300D49D13 /* EncryptCommand.cc */,
				1A02703D2C2645A60025F2B5 /* EnrichCommand.cc */,
				27FC8DD622137C330083B033 /* InfoCommand.cc */,
				27FC8DD222137C330083B033 /* ListCommand.cc */,
				27E95BAC24083D7C0013711C /* ListCommand.hh */,
				27175C0E261CE5F40045F3AC /* MkCollCommand.cc */,
				276D4AC427864A5500F61A89 /* MkIndexCommand.cc */,
				276D4AD22786502600F61A89 /* RmIndexCommand.cc */,
				27175C26261D097A0045F3AC /* MvCommand.cc */,
				27FC8DD722137C330083B033 /* PutCommand.cc */,
				27FC8DDC22137C330083B033 /* QueryCommand.cc */,
				2716F95A2491857E00BE21D9 /* ReindexCommand.cc */,
				27FC8DD522137C330083B033 /* RevsCommand.cc */,
				27FC8DD822137C330083B033 /* ServeCommand.cc */,
				27FC8DDA22137C330083B033 /* SQLCommand.cc */,
				27E95B772405A2AA0013711C /* DocBranchIterator.hh */,
				27FC8DE722137C490083B033 /* litecp */,
				2716F9A32493E5E500BE21D9 /* CMakeLists.txt */,
			);
			name = cblite;
			path = ../cblite;
			sourceTree = "<group>";
		};
		27FC8DE722137C490083B033 /* litecp */ = {
			isa = PBXGroup;
			children = (
				27FC8DED22137C490083B033 /* DBEndpoint.cc */,
				27FC8DEF22137C490083B033 /* DBEndpoint.hh */,
				27FC8DF122137C490083B033 /* DirEndpoint.cc */,
				27FC8DEE22137C490083B033 /* DirEndpoint.hh */,
				27FC8DEA22137C490083B033 /* Endpoint.cc */,
				27FC8DE922137C490083B033 /* Endpoint.hh */,
				27FC8DEC22137C490083B033 /* JSONEndpoint.cc */,
				27FC8DF022137C490083B033 /* JSONEndpoint.hh */,
				27FC8DEB22137C490083B033 /* RemoteEndpoint.cc */,
				27FC8DE822137C490083B033 /* RemoteEndpoint.hh */,
			);
			name = litecp;
			path = ../litecp;
			sourceTree = "<group>";
		};
		27FC8DFE22137CB50083B033 /* Products */ = {
			isa = PBXGroup;
			children = (
				27FC8E1422137CB60083B033 /* libLiteCore-static.a */,
				27FC8E1622137CB60083B033 /* libLiteCore.dylib */,
				27FC8E1822137CB60083B033 /* LiteCore.framework */,
				27FC8E1A22137CB60083B033 /* libLiteCoreREST-static.a */,
				271BA4F6228B8CC600D49D13 /* libLiteCoreWebSocket.a */,
				27FC8E2022137CB60083B033 /* LiteCoreCppTests */,
				27FC8E2222137CB60083B033 /* C4Tests */,
				27FC8E2C22137CB60083B033 /* LiteCoreTests.xctest */,
				27FC8E2622137CB60083B033 /* libSQLite.a */,
				27FC8E2822137CB60083B033 /* libTokenizer.a */,
				2751C82D25D3650A00A9B39B /* iOS Perf Test.app */,
				27FC8E2E22137CB60083B033 /* LiteCore-iOS.app */,
				27FC8E3222137CB60083B033 /* LiteCore-iOS Tests.xctest */,
			);
			name = Products;
			sourceTree = "<group>";
		};
		27FC8E3522137CD20083B033 /* Frameworks */ = {
			isa = PBXGroup;
			children = (
				273CE7D22452067F00D01CA2 /* SystemConfiguration.framework */,
				27F41D442329629B00EF27BB /* Foundation.framework */,
				271BA4FA228B8CF900D49D13 /* Security.framework */,
				277B18E5225BF344004EC8AA /* libfleeceBase.a */,
				277B18E3225BF295004EC8AA /* libfleece.dylib */,
				277B18E1225BF227004EC8AA /* libc++.tbd */,
				27FC8E66221383880083B033 /* libz.tbd */,
			);
			name = Frameworks;
			sourceTree = "<group>";
		};
		27FC8E3A22137D520083B033 /* xcconfigs */ = {
			isa = PBXGroup;
			children = (
				27FC8E3E22137D520083B033 /* Project.xcconfig */,
				27FC8E3D22137D520083B033 /* Project_Debug.xcconfig */,
				271BA4A2227CC06000D49D13 /* Project_Debug_EE.xcconfig */,
				271BA4A3227CC09600D49D13 /* Project_Release_EE.xcconfig */,
				27FC8E3C22137D520083B033 /* Project_Release.xcconfig */,
				27FC8E4122137DAF0083B033 /* cblite.xcconfig */,
				27FC8E65221383200083B033 /* linenoise.xcconfig */,
				272F00D2226F806F00E62F72 /* cbl-log.xcconfig */,
				276CE5CA225FAA4C00B681AC /* tests.xcconfig */,
			);
			path = xcconfigs;
			sourceTree = "<group>";
		};
		27FC8E6D2213874C0083B033 /* Tool */ = {
			isa = PBXGroup;
			children = (
				27FC8DF722137C580083B033 /* ArgumentTokenizer.cc */,
				27FC8DFA22137C580083B033 /* ArgumentTokenizer.hh */,
				27FC8DF822137C580083B033 /* Tool.cc */,
				27FC8DF922137C580083B033 /* Tool.hh */,
				275F0447261E1859005261C0 /* LiteCoreTool.hh */,
			);
			name = Tool;
			path = ..;
			sourceTree = "<group>";
		};
/* End PBXGroup section */

/* Begin PBXHeadersBuildPhase section */
		27FC8E56221381890083B033 /* Headers */ = {
			isa = PBXHeadersBuildPhase;
			buildActionMask = 2147483647;
			files = (
				2751C82E25D3650A00A9B39B /* linenoise.h in Headers */,
				2751C83325D3650A00A9B39B /* utf8.h in Headers */,
			);
			runOnlyForDeploymentPostprocessing = 0;
		};
/* End PBXHeadersBuildPhase section */

/* Begin PBXNativeTarget section */
		272F00C7226F7FD800E62F72 /* cbl-log */ = {
			isa = PBXNativeTarget;
			buildConfigurationList = 272F00CC226F7FD800E62F72 /* Build configuration list for PBXNativeTarget "cbl-log" */;
			buildPhases = (
				272F00C4226F7FD800E62F72 /* Sources */,
				272F00C5226F7FD800E62F72 /* Frameworks */,
				272F00C6226F7FD800E62F72 /* CopyFiles */,
			);
			buildRules = (
			);
			dependencies = (
			);
			name = "cbl-log";
			productName = "cbl-log";
			productReference = 272F00C8226F7FD800E62F72 /* cbl-log */;
			productType = "com.apple.product-type.tool";
		};
		276CE5BF225FA9F400B681AC /* Tests */ = {
			isa = PBXNativeTarget;
			buildConfigurationList = 276CE5C4225FA9F400B681AC /* Build configuration list for PBXNativeTarget "Tests" */;
			buildPhases = (
				276CE5BC225FA9F400B681AC /* Sources */,
				276CE5BD225FA9F400B681AC /* Frameworks */,
				276CE5BE225FA9F400B681AC /* CopyFiles */,
			);
			buildRules = (
			);
			dependencies = (
			);
			name = Tests;
			productName = Tests;
			productReference = 276CE5C0225FA9F400B681AC /* cblitetest */;
			productType = "com.apple.product-type.tool";
		};
		27FC8DC622137BF60083B033 /* cblite */ = {
			isa = PBXNativeTarget;
			buildConfigurationList = 27FC8DCE22137BF60083B033 /* Build configuration list for PBXNativeTarget "cblite" */;
			buildPhases = (
				27FC8DC322137BF60083B033 /* Sources */,
				27FC8DC422137BF60083B033 /* Frameworks */,
				27FC8DC522137BF60083B033 /* CopyFiles */,
			);
			buildRules = (
			);
			dependencies = (
				27FC8E69221383A80083B033 /* PBXTargetDependency */,
				27FC8E3422137CC90083B033 /* PBXTargetDependency */,
				271BA4F9228B8CD600D49D13 /* PBXTargetDependency */,
			);
			name = cblite;
			productName = cblite;
			productReference = 27FC8DC722137BF60083B033 /* cblite */;
			productType = "com.apple.product-type.tool";
		};
		27FC8E59221381890083B033 /* linenoise */ = {
			isa = PBXNativeTarget;
			buildConfigurationList = 27FC8E5B221381890083B033 /* Build configuration list for PBXNativeTarget "linenoise" */;
			buildPhases = (
				27FC8E56221381890083B033 /* Headers */,
				27FC8E57221381890083B033 /* Sources */,
				27FC8E58221381890083B033 /* Frameworks */,
			);
			buildRules = (
			);
			dependencies = (
			);
			name = linenoise;
			productName = linenoise;
			productReference = 27FC8E5A221381890083B033 /* liblinenoise.a */;
			productType = "com.apple.product-type.library.static";
		};
/* End PBXNativeTarget section */

/* Begin PBXProject section */
		27FC8DBF22137BF60083B033 /* Project object */ = {
			isa = PBXProject;
			attributes = {
				LastUpgradeCheck = 1240;
				ORGANIZATIONNAME = Couchbase;
				TargetAttributes = {
					272F00C7226F7FD800E62F72 = {
						CreatedOnToolsVersion = 10.2.1;
					};
					276CE5BF225FA9F400B681AC = {
						CreatedOnToolsVersion = 10.2;
					};
					27FC8DC622137BF60083B033 = {
						CreatedOnToolsVersion = 10.2;
					};
					27FC8E59221381890083B033 = {
						CreatedOnToolsVersion = 10.2;
					};
				};
			};
			buildConfigurationList = 27FC8DC222137BF60083B033 /* Build configuration list for PBXProject "Tools" */;
			compatibilityVersion = "Xcode 9.3";
			developmentRegion = en;
			hasScannedForEncodings = 0;
			knownRegions = (
				en,
			);
			mainGroup = 27FC8DBE22137BF60083B033;
			productRefGroup = 27FC8DC822137BF60083B033 /* Products */;
			projectDirPath = "";
			projectReferences = (
				{
					ProductGroup = 27FC8DFE22137CB50083B033 /* Products */;
					ProjectRef = 27FC8DFD22137CB50083B033 /* LiteCore.xcodeproj */;
				},
			);
			projectRoot = "";
			targets = (
				27FC8DC622137BF60083B033 /* cblite */,
				272F00C7226F7FD800E62F72 /* cbl-log */,
				27FC8E59221381890083B033 /* linenoise */,
				276CE5BF225FA9F400B681AC /* Tests */,
			);
		};
/* End PBXProject section */

/* Begin PBXReferenceProxy section */
		271BA4F6228B8CC600D49D13 /* libLiteCoreWebSocket.a */ = {
			isa = PBXReferenceProxy;
			fileType = archive.ar;
			path = libLiteCoreWebSocket.a;
			remoteRef = 271BA4F5228B8CC600D49D13 /* PBXContainerItemProxy */;
			sourceTree = BUILT_PRODUCTS_DIR;
		};
		2751C82D25D3650A00A9B39B /* iOS Perf Test.app */ = {
			isa = PBXReferenceProxy;
			fileType = wrapper.application;
			path = "iOS Perf Test.app";
			remoteRef = 2751C82C25D3650A00A9B39B /* PBXContainerItemProxy */;
			sourceTree = BUILT_PRODUCTS_DIR;
		};
		27FC8E1422137CB60083B033 /* libLiteCore-static.a */ = {
			isa = PBXReferenceProxy;
			fileType = archive.ar;
			path = "libLiteCore-static.a";
			remoteRef = 27FC8E1322137CB60083B033 /* PBXContainerItemProxy */;
			sourceTree = BUILT_PRODUCTS_DIR;
		};
		27FC8E1622137CB60083B033 /* libLiteCore.dylib */ = {
			isa = PBXReferenceProxy;
			fileType = "compiled.mach-o.dylib";
			path = libLiteCore.dylib;
			remoteRef = 27FC8E1522137CB60083B033 /* PBXContainerItemProxy */;
			sourceTree = BUILT_PRODUCTS_DIR;
		};
		27FC8E1822137CB60083B033 /* LiteCore.framework */ = {
			isa = PBXReferenceProxy;
			fileType = wrapper.framework;
			path = LiteCore.framework;
			remoteRef = 27FC8E1722137CB60083B033 /* PBXContainerItemProxy */;
			sourceTree = BUILT_PRODUCTS_DIR;
		};
		27FC8E1A22137CB60083B033 /* libLiteCoreREST-static.a */ = {
			isa = PBXReferenceProxy;
			fileType = archive.ar;
			path = "libLiteCoreREST-static.a";
			remoteRef = 27FC8E1922137CB60083B033 /* PBXContainerItemProxy */;
			sourceTree = BUILT_PRODUCTS_DIR;
		};
		27FC8E2022137CB60083B033 /* LiteCoreCppTests */ = {
			isa = PBXReferenceProxy;
			fileType = "compiled.mach-o.executable";
			path = LiteCoreCppTests;
			remoteRef = 27FC8E1F22137CB60083B033 /* PBXContainerItemProxy */;
			sourceTree = BUILT_PRODUCTS_DIR;
		};
		27FC8E2222137CB60083B033 /* C4Tests */ = {
			isa = PBXReferenceProxy;
			fileType = "compiled.mach-o.executable";
			path = C4Tests;
			remoteRef = 27FC8E2122137CB60083B033 /* PBXContainerItemProxy */;
			sourceTree = BUILT_PRODUCTS_DIR;
		};
		27FC8E2622137CB60083B033 /* libSQLite.a */ = {
			isa = PBXReferenceProxy;
			fileType = archive.ar;
			path = libSQLite.a;
			remoteRef = 27FC8E2522137CB60083B033 /* PBXContainerItemProxy */;
			sourceTree = BUILT_PRODUCTS_DIR;
		};
		27FC8E2822137CB60083B033 /* libTokenizer.a */ = {
			isa = PBXReferenceProxy;
			fileType = archive.ar;
			path = libTokenizer.a;
			remoteRef = 27FC8E2722137CB60083B033 /* PBXContainerItemProxy */;
			sourceTree = BUILT_PRODUCTS_DIR;
		};
		27FC8E2C22137CB60083B033 /* LiteCoreTests.xctest */ = {
			isa = PBXReferenceProxy;
			fileType = wrapper.cfbundle;
			path = LiteCoreTests.xctest;
			remoteRef = 27FC8E2B22137CB60083B033 /* PBXContainerItemProxy */;
			sourceTree = BUILT_PRODUCTS_DIR;
		};
		27FC8E2E22137CB60083B033 /* LiteCore-iOS.app */ = {
			isa = PBXReferenceProxy;
			fileType = wrapper.application;
			path = "LiteCore-iOS.app";
			remoteRef = 27FC8E2D22137CB60083B033 /* PBXContainerItemProxy */;
			sourceTree = BUILT_PRODUCTS_DIR;
		};
		27FC8E3222137CB60083B033 /* LiteCore-iOS Tests.xctest */ = {
			isa = PBXReferenceProxy;
			fileType = wrapper.cfbundle;
			path = "LiteCore-iOS Tests.xctest";
			remoteRef = 27FC8E3122137CB60083B033 /* PBXContainerItemProxy */;
			sourceTree = BUILT_PRODUCTS_DIR;
		};
/* End PBXReferenceProxy section */

/* Begin PBXSourcesBuildPhase section */
		272F00C4226F7FD800E62F72 /* Sources */ = {
			isa = PBXSourcesBuildPhase;
			buildActionMask = 2147483647;
			files = (
				272F00CF226F7FE500E62F72 /* cbl-log.cc in Sources */,
				272F00D7226F956C00E62F72 /* LogDecoder_stub.cpp in Sources */,
				272F00D0226F7FFC00E62F72 /* Tool.cc in Sources */,
				42030A7024AC152000283CE8 /* StringUtil.cc in Sources */,
				272F00D1226F800000E62F72 /* ArgumentTokenizer.cc in Sources */,
			);
			runOnlyForDeploymentPostprocessing = 0;
		};
		276CE5BC225FA9F400B681AC /* Sources */ = {
			isa = PBXSourcesBuildPhase;
			buildActionMask = 2147483647;
			files = (
				276CE5D1225FADB200B681AC /* tests_main.cc in Sources */,
				276CE5CF225FACDD00B681AC /* ArgumentTokenizer.cc in Sources */,
				276CE5C9225FAA1600B681AC /* TokenizerTest.cc in Sources */,
			);
			runOnlyForDeploymentPostprocessing = 0;
		};
		27FC8DC322137BF60083B033 /* Sources */ = {
			isa = PBXSourcesBuildPhase;
			buildActionMask = 2147483647;
			files = (
				2716F94D2491822700BE21D9 /* CheckCommand.cc in Sources */,
				276D4AC527864A5500F61A89 /* MkIndexCommand.cc in Sources */,
				2716F95B2491857E00BE21D9 /* ReindexCommand.cc in Sources */,
				27FC8DE222137C330083B033 /* PutCommand.cc in Sources */,
				27FC8DE622137C330083B033 /* QueryCommand.cc in Sources */,
				27FC8DF322137C490083B033 /* RemoteEndpoint.cc in Sources */,
				27FC8DE122137C330083B033 /* InfoCommand.cc in Sources */,
				27FC8DF422137C490083B033 /* JSONEndpoint.cc in Sources */,
				27FC8DE422137C330083B033 /* CBLiteTool.cc in Sources */,
				27FC8DFB22137C580083B033 /* ArgumentTokenizer.cc in Sources */,
				271BA4AE227CC54300D49D13 /* EncryptCommand.cc in Sources */,
				272946AC23FF788400F6B737 /* CompactCommand.cc in Sources */,
				27FC8DE322137C330083B033 /* ServeCommand.cc in Sources */,
				27FC8DDF22137C330083B033 /* CatCommand.cc in Sources */,
				27FC8DF622137C490083B033 /* DirEndpoint.cc in Sources */,
				27FC8DDD22137C330083B033 /* ListCommand.cc in Sources */,
				27FC8DF222137C490083B033 /* Endpoint.cc in Sources */,
				27FC8DE522137C330083B033 /* SQLCommand.cc in Sources */,
				1A02703F2C2645A60025F2B5 /* EnrichCommand.cc in Sources */,
				1ABE01FB2C585B4100C01977 /* OpenAI.cc in Sources */,
				27175C27261D097A0045F3AC /* MvCommand.cc in Sources */,
				27E95BAB2408376B0013711C /* CBLiteCommand.cc in Sources */,
				27175C21261D00200045F3AC /* CdCommand.cc in Sources */,
				1ABE01F92C585B3B00C01977 /* Gemini.cc in Sources */,
				273B206D2640687400A14EC4 /* OpenCommand.cc in Sources */,
				27FC8DFC22137C580083B033 /* Tool.cc in Sources */,
				273B20D4264B2D6900A14EC4 /* EditCommand.cc in Sources */,
				1ABE01F52C585B2900C01977 /* Bedrock.cc in Sources */,
				27FC8DE022137C330083B033 /* RevsCommand.cc in Sources */,
				1ABE01FA2C585B3E00C01977 /* LLMProvider.cc in Sources */,
				27175C0F261CE5F40045F3AC /* MkCollCommand.cc in Sources */,
				27FC8DF522137C490083B033 /* DBEndpoint.cc in Sources */,
				27FC8DDE22137C330083B033 /* CpCommand.cc in Sources */,
				276D4AD32786502600F61A89 /* RmIndexCommand.cc in Sources */,
			);
			runOnlyForDeploymentPostprocessing = 0;
		};
		27FC8E57221381890083B033 /* Sources */ = {
			isa = PBXSourcesBuildPhase;
			buildActionMask = 2147483647;
			files = (
				2751C83025D3650A00A9B39B /* utf8.c in Sources */,
				2751C83225D3650A00A9B39B /* linenoise.c in Sources */,
			);
			runOnlyForDeploymentPostprocessing = 0;
		};
/* End PBXSourcesBuildPhase section */

/* Begin PBXTargetDependency section */
		271BA4F9228B8CD600D49D13 /* PBXTargetDependency */ = {
			isa = PBXTargetDependency;
			name = LiteCoreWebSocket;
			targetProxy = 271BA4F8228B8CD600D49D13 /* PBXContainerItemProxy */;
		};
		27FC8E3422137CC90083B033 /* PBXTargetDependency */ = {
			isa = PBXTargetDependency;
			name = "LiteCore static";
			targetProxy = 27FC8E3322137CC90083B033 /* PBXContainerItemProxy */;
		};
		27FC8E69221383A80083B033 /* PBXTargetDependency */ = {
			isa = PBXTargetDependency;
			name = "LiteCoreREST static";
			targetProxy = 27FC8E68221383A80083B033 /* PBXContainerItemProxy */;
		};
/* End PBXTargetDependency section */

/* Begin XCBuildConfiguration section */
		271BA489227CBFF900D49D13 /* Debug_EE */ = {
			isa = XCBuildConfiguration;
			baseConfigurationReference = 271BA4A2227CC06000D49D13 /* Project_Debug_EE.xcconfig */;
			buildSettings = {
			};
			name = Debug_EE;
		};
		271BA48A227CBFF900D49D13 /* Debug_EE */ = {
			isa = XCBuildConfiguration;
			baseConfigurationReference = 27FC8E4122137DAF0083B033 /* cblite.xcconfig */;
			buildSettings = {
			};
			name = Debug_EE;
		};
		271BA48B227CBFF900D49D13 /* Debug_EE */ = {
			isa = XCBuildConfiguration;
			baseConfigurationReference = 272F00D2226F806F00E62F72 /* cbl-log.xcconfig */;
			buildSettings = {
			};
			name = Debug_EE;
		};
		271BA48C227CBFF900D49D13 /* Debug_EE */ = {
			isa = XCBuildConfiguration;
			baseConfigurationReference = 27FC8E65221383200083B033 /* linenoise.xcconfig */;
			buildSettings = {
			};
			name = Debug_EE;
		};
		271BA48D227CBFF900D49D13 /* Debug_EE */ = {
			isa = XCBuildConfiguration;
			baseConfigurationReference = 276CE5CA225FAA4C00B681AC /* tests.xcconfig */;
			buildSettings = {
			};
			name = Debug_EE;
		};
		271BA49D227CC00200D49D13 /* Release_EE */ = {
			isa = XCBuildConfiguration;
			baseConfigurationReference = 271BA4A3227CC09600D49D13 /* Project_Release_EE.xcconfig */;
			buildSettings = {
			};
			name = Release_EE;
		};
		271BA49E227CC00200D49D13 /* Release_EE */ = {
			isa = XCBuildConfiguration;
			baseConfigurationReference = 27FC8E4122137DAF0083B033 /* cblite.xcconfig */;
			buildSettings = {
			};
			name = Release_EE;
		};
		271BA49F227CC00200D49D13 /* Release_EE */ = {
			isa = XCBuildConfiguration;
			baseConfigurationReference = 272F00D2226F806F00E62F72 /* cbl-log.xcconfig */;
			buildSettings = {
			};
			name = Release_EE;
		};
		271BA4A0227CC00200D49D13 /* Release_EE */ = {
			isa = XCBuildConfiguration;
			baseConfigurationReference = 27FC8E65221383200083B033 /* linenoise.xcconfig */;
			buildSettings = {
			};
			name = Release_EE;
		};
		271BA4A1227CC00200D49D13 /* Release_EE */ = {
			isa = XCBuildConfiguration;
			baseConfigurationReference = 276CE5CA225FAA4C00B681AC /* tests.xcconfig */;
			buildSettings = {
			};
			name = Release_EE;
		};
		272F00CD226F7FD800E62F72 /* Debug */ = {
			isa = XCBuildConfiguration;
			baseConfigurationReference = 272F00D2226F806F00E62F72 /* cbl-log.xcconfig */;
			buildSettings = {
			};
			name = Debug;
		};
		272F00CE226F7FD800E62F72 /* Release */ = {
			isa = XCBuildConfiguration;
			baseConfigurationReference = 272F00D2226F806F00E62F72 /* cbl-log.xcconfig */;
			buildSettings = {
			};
			name = Release;
		};
		276CE5C5225FA9F400B681AC /* Debug */ = {
			isa = XCBuildConfiguration;
			baseConfigurationReference = 276CE5CA225FAA4C00B681AC /* tests.xcconfig */;
			buildSettings = {
			};
			name = Debug;
		};
		276CE5C6225FA9F400B681AC /* Release */ = {
			isa = XCBuildConfiguration;
			baseConfigurationReference = 276CE5CA225FAA4C00B681AC /* tests.xcconfig */;
			buildSettings = {
			};
			name = Release;
		};
		27FC8DCC22137BF60083B033 /* Debug */ = {
			isa = XCBuildConfiguration;
			baseConfigurationReference = 27FC8E3D22137D520083B033 /* Project_Debug.xcconfig */;
			buildSettings = {
			};
			name = Debug;
		};
		27FC8DCD22137BF60083B033 /* Release */ = {
			isa = XCBuildConfiguration;
			baseConfigurationReference = 27FC8E3C22137D520083B033 /* Project_Release.xcconfig */;
			buildSettings = {
			};
			name = Release;
		};
		27FC8DCF22137BF60083B033 /* Debug */ = {
			isa = XCBuildConfiguration;
			baseConfigurationReference = 27FC8E4122137DAF0083B033 /* cblite.xcconfig */;
			buildSettings = {
			};
			name = Debug;
		};
		27FC8DD022137BF60083B033 /* Release */ = {
			isa = XCBuildConfiguration;
			baseConfigurationReference = 27FC8E4122137DAF0083B033 /* cblite.xcconfig */;
			buildSettings = {
			};
			name = Release;
		};
		27FC8E5C221381890083B033 /* Debug */ = {
			isa = XCBuildConfiguration;
			baseConfigurationReference = 27FC8E65221383200083B033 /* linenoise.xcconfig */;
			buildSettings = {
			};
			name = Debug;
		};
		27FC8E5D221381890083B033 /* Release */ = {
			isa = XCBuildConfiguration;
			baseConfigurationReference = 27FC8E65221383200083B033 /* linenoise.xcconfig */;
			buildSettings = {
			};
			name = Release;
		};
/* End XCBuildConfiguration section */

/* Begin XCConfigurationList section */
		272F00CC226F7FD800E62F72 /* Build configuration list for PBXNativeTarget "cbl-log" */ = {
			isa = XCConfigurationList;
			buildConfigurations = (
				272F00CD226F7FD800E62F72 /* Debug */,
				271BA48B227CBFF900D49D13 /* Debug_EE */,
				272F00CE226F7FD800E62F72 /* Release */,
				271BA49F227CC00200D49D13 /* Release_EE */,
			);
			defaultConfigurationIsVisible = 0;
			defaultConfigurationName = Release;
		};
		276CE5C4225FA9F400B681AC /* Build configuration list for PBXNativeTarget "Tests" */ = {
			isa = XCConfigurationList;
			buildConfigurations = (
				276CE5C5225FA9F400B681AC /* Debug */,
				271BA48D227CBFF900D49D13 /* Debug_EE */,
				276CE5C6225FA9F400B681AC /* Release */,
				271BA4A1227CC00200D49D13 /* Release_EE */,
			);
			defaultConfigurationIsVisible = 0;
			defaultConfigurationName = Release;
		};
		27FC8DC222137BF60083B033 /* Build configuration list for PBXProject "Tools" */ = {
			isa = XCConfigurationList;
			buildConfigurations = (
				27FC8DCC22137BF60083B033 /* Debug */,
				271BA489227CBFF900D49D13 /* Debug_EE */,
				27FC8DCD22137BF60083B033 /* Release */,
				271BA49D227CC00200D49D13 /* Release_EE */,
			);
			defaultConfigurationIsVisible = 0;
			defaultConfigurationName = Release;
		};
		27FC8DCE22137BF60083B033 /* Build configuration list for PBXNativeTarget "cblite" */ = {
			isa = XCConfigurationList;
			buildConfigurations = (
				27FC8DCF22137BF60083B033 /* Debug */,
				271BA48A227CBFF900D49D13 /* Debug_EE */,
				27FC8DD022137BF60083B033 /* Release */,
				271BA49E227CC00200D49D13 /* Release_EE */,
			);
			defaultConfigurationIsVisible = 0;
			defaultConfigurationName = Release;
		};
		27FC8E5B221381890083B033 /* Build configuration list for PBXNativeTarget "linenoise" */ = {
			isa = XCConfigurationList;
			buildConfigurations = (
				27FC8E5C221381890083B033 /* Debug */,
				271BA48C227CBFF900D49D13 /* Debug_EE */,
				27FC8E5D221381890083B033 /* Release */,
				271BA4A0227CC00200D49D13 /* Release_EE */,
			);
			defaultConfigurationIsVisible = 0;
			defaultConfigurationName = Release;
		};
/* End XCConfigurationList section */
	};
	rootObject = 27FC8DBF22137BF60083B033 /* Project object */;
}
