
Microsoft Visual Studio Solution File, Format Version 12.00
# Visual Studio Version 17
VisualStudioVersion = 17.8.34330.188
MinimumVisualStudioVersion = 10.0.40219.1
Project("{FAE04EC0-301F-11D3-BF4B-00C04F79EFBC}") = "RetentionUpdater", "RetentionUpdater\RetentionUpdater.csproj", "{A0905CCD-B163-472E-904C-D2E711BCAE92}"
EndProject
Global
	GlobalSection(SolutionConfigurationPlatforms) = preSolution
		Debug|Any CPU = Debug|Any CPU
		Release|Any CPU = Release|Any CPU
	EndGlobalSection
	GlobalSection(ProjectConfigurationPlatforms) = postSolution
		{A0905CCD-B163-472E-904C-D2E711BCAE92}.Debug|Any CPU.ActiveCfg = Debug|Any CPU
		{A0905CCD-B163-472E-904C-D2E711BCAE92}.Debug|Any CPU.Build.0 = Debug|Any CPU
		{A0905CCD-B163-472E-904C-D2E711BCAE92}.Release|Any CPU.ActiveCfg = Release|Any CPU
		{A0905CCD-B163-472E-904C-D2E711BCAE92}.Release|Any CPU.Build.0 = Release|Any CPU
	EndGlobalSection
	GlobalSection(SolutionProperties) = preSolution
		HideSolutionNode = FALSE
	EndGlobalSection
	GlobalSection(ExtensibilityGlobals) = postSolution
		SolutionGuid = {9A82C267-8223-4EDA-9314-F64B63D4CA4C}
	EndGlobalSection
EndGlobal
